
Microsoft Visual Studio Solution File, Format Version 12.00
# Visual Studio 15
VisualStudioVersion = 15.0.28307.421
MinimumVisualStudioVersion = 10.0.40219.1
Project("{FAE04EC0-301F-11D3-BF4B-00C04F79EFBC}") = "StarterApi", "StarterApi\StarterApi.csproj", "{C4BC2F74-B0B3-4EC8-BEF5-8B2A2B2FBE9F}"
EndProject
Project("{FAE04EC0-301F-11D3-BF4B-00C04F79EFBC}") = "Starter.Infrastructure", "Starter.Infrastructure\Starter.Infrastructure.csproj", "{691BA10D-9D4E-4441-82EC-4263A6890392}"
EndProject
Global
	GlobalSection(SolutionConfigurationPlatforms) = preSolution
		Debug|Any CPU = Debug|Any CPU
		Release|Any CPU = Release|Any CPU
	EndGlobalSection
	GlobalSection(ProjectConfigurationPlatforms) = postSolution
		{C4BC2F74-B0B3-4EC8-BEF5-8B2A2B2FBE9F}.Debug|Any CPU.ActiveCfg = Debug|Any CPU
		{C4BC2F74-B0B3-4EC8-BEF5-8B2A2B2FBE9F}.Debug|Any CPU.Build.0 = Debug|Any CPU
		{C4BC2F74-B0B3-4EC8-BEF5-8B2A2B2FBE9F}.Release|Any CPU.ActiveCfg = Release|Any CPU
		{C4BC2F74-B0B3-4EC8-BEF5-8B2A2B2FBE9F}.Release|Any CPU.Build.0 = Release|Any CPU
		{691BA10D-9D4E-4441-82EC-4263A6890392}.Debug|Any CPU.ActiveCfg = Debug|Any CPU
		{691BA10D-9D4E-4441-82EC-4263A6890392}.Debug|Any CPU.Build.0 = Debug|Any CPU
		{691BA10D-9D4E-4441-82EC-4263A6890392}.Release|Any CPU.ActiveCfg = Release|Any CPU
		{691BA10D-9D4E-4441-82EC-4263A6890392}.Release|Any CPU.Build.0 = Release|Any CPU
	EndGlobalSection
	GlobalSection(SolutionProperties) = preSolution
		HideSolutionNode = FALSE
	EndGlobalSection
	GlobalSection(ExtensibilityGlobals) = postSolution
		SolutionGuid = {4B06A00D-67C8-44A3-BC92-170A1F7BB86C}
	EndGlobalSection
EndGlobal
